schema: '2.0'
stages:
  data_ingestion:
    cmd: python src/data_ingestion.py
    deps:
    - path: src/data_ingestion.py
      hash: md5
      md5: 4d51db66f82b1e2139317334f94330fc
      size: 2991
    outs:
    - path: data/raw
      hash: md5
      md5: 6a4d11ab83c20d7412f4696595c0b4d1.dir
      size: 479272
      nfiles: 2
  data_preprocessing:
    cmd: python src/data_preprocessing.py
    deps:
    - path: data/raw
      hash: md5
      md5: 6a4d11ab83c20d7412f4696595c0b4d1.dir
      size: 479272
      nfiles: 2
    - path: src/data_preprocessing.py
      hash: md5
      md5: 158130fa3ada2ed96ada460b539d42e9
      size: 3864
    outs:
    - path: data/interim
      hash: md5
      md5: e6e002b296bd59dbd72bd72c10df71c1.dir
      size: 254812
      nfiles: 2
  feature_engineering:
    cmd: python src/feature_engineering.py
    deps:
    - path: data/interim
      hash: md5
      md5: e6e002b296bd59dbd72bd72c10df71c1.dir
      size: 254812
      nfiles: 2
    - path: src/feature_engineering.py
      hash: md5
      md5: 941018bbd6a147bb85197ffa21efbe8d
      size: 3251
    outs:
    - path: data/processed
      hash: md5
      md5: e0456e8384ac7ad47da56bfe3c4411ff.dir
      size: 1174714
      nfiles: 2
  model_building:
    cmd: python src/model_building.py
    deps:
    - path: data/processed
      hash: md5
      md5: e0456e8384ac7ad47da56bfe3c4411ff.dir
      size: 1174714
      nfiles: 2
    - path: src/model_building.py
      hash: md5
      md5: 0d1ca997aff7c275c9e6f878ad5554c1
      size: 3796
    outs:
    - path: models/model.pkl
      hash: md5
      md5: 6b545810b9033995128c3b8b9be2a5f1
      size: 896976
  model_evaluation:
    cmd: python src/model_evaluation.py
    deps:
    - path: models/model.pkl
      hash: md5
      md5: 6b545810b9033995128c3b8b9be2a5f1
      size: 896976
    - path: src/model_evaluation.py
      hash: md5
      md5: 1a6ea20d8987ae4c1ce4e8eaa5bc6124
      size: 3969
    outs:
    - path: reports/metrics.json
      hash: md5
      md5: a2e6f66cce0a6b89db7809dd6c4b8c5e
      size: 130
